PODS:
  - Flutter (1.0.0)
  - flutter_local_notifications (0.0.1):
    - Flutter
  - FMDB (2.7.10):
    - FMDB/standard (= 2.7.10)
  - FMDB/standard (2.7.10)
  - MTBBarcodeScanner (5.0.11)
  - package_info (0.0.1):
    - Flutter
  - path_provider (0.0.1):
    - Flutter
  - qr_code_scanner (0.0.2):
    - Flutter
    - MTBBarcodeScanner
  - shared_preferences (0.0.1):
    - Flutter
  - sqflite (0.0.2):
    - Flutter
    - FMDB (>= 2.7.5)
  - url_launcher (0.0.1):
    - Flutter

DEPENDENCIES:
  - Flutter (from `Flutter`)
  - flutter_local_notifications (from `.symlinks/plugins/flutter_local_notifications/ios`)
  - package_info (from `.symlinks/plugins/package_info/ios`)
  - path_provider (from `.symlinks/plugins/path_provider/ios`)
  - qr_code_scanner (from `.symlinks/plugins/qr_code_scanner/ios`)
  - shared_preferences (from `.symlinks/plugins/shared_preferences/ios`)
  - sqflite (from `.symlinks/plugins/sqflite/ios`)
  - url_launcher (from `.symlinks/plugins/url_launcher/ios`)

SPEC REPOS:
  trunk:
    - FMDB
    - MTBBarcodeScanner

EXTERNAL SOURCES:
  Flutter:
    :path: Flutter
  flutter_local_notifications:
    :path: ".symlinks/plugins/flutter_local_notifications/ios"
  package_info:
    :path: ".symlinks/plugins/package_info/ios"
  path_provider:
    :path: ".symlinks/plugins/path_provider/ios"
  qr_code_scanner:
    :path: ".symlinks/plugins/qr_code_scanner/ios"
  shared_preferences:
    :path: ".symlinks/plugins/shared_preferences/ios"
  sqflite:
    :path: ".symlinks/plugins/sqflite/ios"
  url_launcher:
    :path: ".symlinks/plugins/url_launcher/ios"

SPEC CHECKSUMS:
  Flutter: f04841e97a9d0b0a8025694d0796dd46242b2854
  flutter_local_notifications: 9e4738ce2471c5af910d961a6b7eadcf57c50186
  FMDB: eae540775bf7d0c87a5af926ae37af69effe5a19
  MTBBarcodeScanner: f453b33c4b7dfe545d8c6484ed744d55671788cb
  package_info: 873975fc26034f0b863a300ad47e7f1ac6c7ec62
  path_provider: abfe2b5c733d04e238b0d8691db0cfd63a27a93c
  qr_code_scanner: 16107718bdad7d708cdf6a5eacdca24b56cdf471
  shared_preferences: af6bfa751691cdc24be3045c43ec037377ada40d
  sqflite: 6d358c025f5b867b29ed92fc697fd34924e11904
  url_launcher: 6fef411d543ceb26efce54b05a0a40bfd74cbbef

PODFILE CHECKSUM: 4e8f8b2be68aeea4c0d5beb6ff1e79fface1d048

COCOAPODS: 1.15.2
